
Microsoft Visual Studio Solution File, Format Version 12.00
# Visual Studio Version 17
VisualStudioVersion = 17.3.32811.315
MinimumVisualStudioVersion = 10.0.40219.1
Project("{54A90642-561A-4BB1-A94E-469ADEE60C69}") = "whatchagonnado", "WhatChaGonnaDo\whatchagonnado.esproj", "{D32BB8C9-12D6-446D-85B5-AB34A0B5C20D}"
EndProject
Project("{FAE04EC0-301F-11D3-BF4B-00C04F79EFBC}") = "DoWhatNow", "DoWhatNow\DoWhatNow.csproj", "{5B5B9563-7F7A-4EAD-93CD-A0E4CCBFF3BD}"
EndProject
Global
	GlobalSection(SolutionConfigurationPlatforms) = preSolution
		Debug|Any CPU = Debug|Any CPU
		Release|Any CPU = Release|Any CPU
	EndGlobalSection
	GlobalSection(ProjectConfigurationPlatforms) = postSolution
		{D32BB8C9-12D6-446D-85B5-AB34A0B5C20D}.Debug|Any CPU.ActiveCfg = Debug|Any CPU
		{D32BB8C9-12D6-446D-85B5-AB34A0B5C20D}.Debug|Any CPU.Build.0 = Debug|Any CPU
		{D32BB8C9-12D6-446D-85B5-AB34A0B5C20D}.Debug|Any CPU.Deploy.0 = Debug|Any CPU
		{D32BB8C9-12D6-446D-85B5-AB34A0B5C20D}.Release|Any CPU.ActiveCfg = Release|Any CPU
		{D32BB8C9-12D6-446D-85B5-AB34A0B5C20D}.Release|Any CPU.Build.0 = Release|Any CPU
		{D32BB8C9-12D6-446D-85B5-AB34A0B5C20D}.Release|Any CPU.Deploy.0 = Release|Any CPU
		{5B5B9563-7F7A-4EAD-93CD-A0E4CCBFF3BD}.Debug|Any CPU.ActiveCfg = Debug|Any CPU
		{5B5B9563-7F7A-4EAD-93CD-A0E4CCBFF3BD}.Debug|Any CPU.Build.0 = Debug|Any CPU
		{5B5B9563-7F7A-4EAD-93CD-A0E4CCBFF3BD}.Release|Any CPU.ActiveCfg = Release|Any CPU
		{5B5B9563-7F7A-4EAD-93CD-A0E4CCBFF3BD}.Release|Any CPU.Build.0 = Release|Any CPU
	EndGlobalSection
	GlobalSection(SolutionProperties) = preSolution
		HideSolutionNode = FALSE
	EndGlobalSection
	GlobalSection(ExtensibilityGlobals) = postSolution
		SolutionGuid = {E627547B-0EBF-4916-B9A7-3C5C8E6A19CA}
	EndGlobalSection
EndGlobal
